// !$*UTF8*$!
{
	archiveVersion = 1;
	classes = {
	};
	objectVersion = 50;
	objects = {

/* Begin PBXBuildFile section */
		48DAB2EA368FD2CC0A38A288 /* Pods_NghiaDigitalClock.framework in Frameworks */ = {isa = PBXBuildFile; fileRef = C0A3D245C5EDF87293A014E4 /* Pods_NghiaDigitalClock.framework */; };
		594646D8228A6258000DB734 /* AppDelegate.swift in Sources */ = {isa = PBXBuildFile; fileRef = 594646D7228A6258000DB734 /* AppDelegate.swift */; };
		594646E2228A625A000DB734 /* LaunchScreen.storyboard in Resources */ = {isa = PBXBuildFile; fileRef = 594646E0228A625A000DB734 /* LaunchScreen.storyboard */; };
		594646EF228A6336000DB734 /* HomeViewController.swift in Sources */ = {isa = PBXBuildFile; fileRef = 594646ED228A6336000DB734 /* HomeViewController.swift */; };
		594646F0228A6336000DB734 /* HomeViewController.xib in Resources */ = {isa = PBXBuildFile; fileRef = 594646EE228A6336000DB734 /* HomeViewController.xib */; };
		594646F7228A68F4000DB734 /* digital-7 (mono italic).ttf in Resources */ = {isa = PBXBuildFile; fileRef = 594646F3228A68F4000DB734 /* digital-7 (mono italic).ttf */; };
		594646F8228A68F4000DB734 /* digital-7 (italic).ttf in Resources */ = {isa = PBXBuildFile; fileRef = 594646F4228A68F4000DB734 /* digital-7 (italic).ttf */; };
		594646F9228A68F4000DB734 /* digital-7 (mono).ttf in Resources */ = {isa = PBXBuildFile; fileRef = 594646F5228A68F4000DB734 /* digital-7 (mono).ttf */; };
		594646FA228A68F4000DB734 /* digital-7.ttf in Resources */ = {isa = PBXBuildFile; fileRef = 594646F6228A68F4000DB734 /* digital-7.ttf */; };
		CA05A75E2295583E00DBFE3B /* Assets.xcassets in Resources */ = {isa = PBXBuildFile; fileRef = CA05A75D2295583E00DBFE3B /* Assets.xcassets */; };
		CA066A6F22964AE100BE5D61 /* HeaderCell.xib in Resources */ = {isa = PBXBuildFile; fileRef = CA066A6C22964AE100BE5D61 /* HeaderCell.xib */; };
		CA066A7022964AE100BE5D61 /* HeaderCell.swift in Sources */ = {isa = PBXBuildFile; fileRef = CA066A6D22964AE100BE5D61 /* HeaderCell.swift */; };
		CA066A772296894700BE5D61 /* ClockType.swift in Sources */ = {isa = PBXBuildFile; fileRef = CA066A762296894700BE5D61 /* ClockType.swift */; };
		CA066A7B229694BD00BE5D61 /* SkinCell.swift in Sources */ = {isa = PBXBuildFile; fileRef = CA066A79229694BD00BE5D61 /* SkinCell.swift */; };
		CA066A7C229694BD00BE5D61 /* SkinCell.xib in Resources */ = {isa = PBXBuildFile; fileRef = CA066A7A229694BD00BE5D61 /* SkinCell.xib */; };
		CA066A7F2296B01400BE5D61 /* ExtUIColor.swift in Sources */ = {isa = PBXBuildFile; fileRef = CA066A7E2296B01400BE5D61 /* ExtUIColor.swift */; };
		CA0A45DE2293A612006E3C1E /* SkinListViewController.swift in Sources */ = {isa = PBXBuildFile; fileRef = CA0A45DC2293A612006E3C1E /* SkinListViewController.swift */; };
		CA0A45DF2293A612006E3C1E /* SkinListViewController.xib in Resources */ = {isa = PBXBuildFile; fileRef = CA0A45DD2293A612006E3C1E /* SkinListViewController.xib */; };
		CA0A45E32293A68C006E3C1E /* SettingViewController.swift in Sources */ = {isa = PBXBuildFile; fileRef = CA0A45E12293A68C006E3C1E /* SettingViewController.swift */; };
		CA0A45E42293A68C006E3C1E /* SettingViewController.xib in Resources */ = {isa = PBXBuildFile; fileRef = CA0A45E22293A68C006E3C1E /* SettingViewController.xib */; };
		CA189389229408B500D1F721 /* MenuCell.swift in Sources */ = {isa = PBXBuildFile; fileRef = CA189387229408B500D1F721 /* MenuCell.swift */; };
		CA18938A229408B500D1F721 /* MenuCell.xib in Resources */ = {isa = PBXBuildFile; fileRef = CA189388229408B500D1F721 /* MenuCell.xib */; };
/* End PBXBuildFile section */

/* Begin PBXFileReference section */
		4C55D27739761DFE79D3D1E7 /* Pods-NghiaDigitalClock.release.xcconfig */ = {isa = PBXFileReference; includeInIndex = 1; lastKnownFileType = text.xcconfig; name = "Pods-NghiaDigitalClock.release.xcconfig"; path = "Target Support Files/Pods-NghiaDigitalClock/Pods-NghiaDigitalClock.release.xcconfig"; sourceTree = "<group>"; };
		594646D4228A6258000DB734 /* NghiaDigitalClock.app */ = {isa = PBXFileReference; explicitFileType = wrapper.application; includeInIndex = 0; path = NghiaDigitalClock.app; sourceTree = BUILT_PRODUCTS_DIR; };
		594646D7228A6258000DB734 /* AppDelegate.swift */ = {isa = PBXFileReference; lastKnownFileType = sourcecode.swift; path = AppDelegate.swift; sourceTree = "<group>"; };
		594646E1228A625A000DB734 /* Base */ = {isa = PBXFileReference; lastKnownFileType = file.storyboard; name = Base; path = Base.lproj/LaunchScreen.storyboard; sourceTree = "<group>"; };
		594646E3228A625A000DB734 /* Info.plist */ = {isa = PBXFileReference; lastKnownFileType = text.plist.xml; path = Info.plist; sourceTree = "<group>"; };
		594646ED228A6336000DB734 /* HomeViewController.swift */ = {isa = PBXFileReference; lastKnownFileType = sourcecode.swift; path = HomeViewController.swift; sourceTree = "<group>"; };
		594646EE228A6336000DB734 /* HomeViewController.xib */ = {isa = PBXFileReference; lastKnownFileType = file.xib; path = HomeViewController.xib; sourceTree = "<group>"; };
		594646F3228A68F4000DB734 /* digital-7 (mono italic).ttf */ = {isa = PBXFileReference; lastKnownFileType = file; path = "digital-7 (mono italic).ttf"; sourceTree = "<group>"; };
		594646F4228A68F4000DB734 /* digital-7 (italic).ttf */ = {isa = PBXFileReference; lastKnownFileType = file; path = "digital-7 (italic).ttf"; sourceTree = "<group>"; };
		594646F5228A68F4000DB734 /* digital-7 (mono).ttf */ = {isa = PBXFileReference; lastKnownFileType = file; path = "digital-7 (mono).ttf"; sourceTree = "<group>"; };
		594646F6228A68F4000DB734 /* digital-7.ttf */ = {isa = PBXFileReference; lastKnownFileType = file; path = "digital-7.ttf"; sourceTree = "<group>"; };
		C0A3D245C5EDF87293A014E4 /* Pods_NghiaDigitalClock.framework */ = {isa = PBXFileReference; explicitFileType = wrapper.framework; includeInIndex = 0; path = Pods_NghiaDigitalClock.framework; sourceTree = BUILT_PRODUCTS_DIR; };
		CA05A75D2295583E00DBFE3B /* Assets.xcassets */ = {isa = PBXFileReference; lastKnownFileType = folder.assetcatalog; name = Assets.xcassets; path = ../../../../.Trash/Assets.xcassets; sourceTree = "<group>"; };
		CA066A6C22964AE100BE5D61 /* HeaderCell.xib */ = {isa = PBXFileReference; fileEncoding = 4; lastKnownFileType = file.xib; path = HeaderCell.xib; sourceTree = "<group>"; };
		CA066A6D22964AE100BE5D61 /* HeaderCell.swift */ = {isa = PBXFileReference; fileEncoding = 4; lastKnownFileType = sourcecode.swift; path = HeaderCell.swift; sourceTree = "<group>"; };
		CA066A762296894700BE5D61 /* ClockType.swift */ = {isa = PBXFileReference; lastKnownFileType = sourcecode.swift; path = ClockType.swift; sourceTree = "<group>"; };
		CA066A79229694BD00BE5D61 /* SkinCell.swift */ = {isa = PBXFileReference; lastKnownFileType = sourcecode.swift; path = SkinCell.swift; sourceTree = "<group>"; };
		CA066A7A229694BD00BE5D61 /* SkinCell.xib */ = {isa = PBXFileReference; lastKnownFileType = file.xib; path = SkinCell.xib; sourceTree = "<group>"; };
		CA066A7E2296B01400BE5D61 /* ExtUIColor.swift */ = {isa = PBXFileReference; lastKnownFileType = sourcecode.swift; path = ExtUIColor.swift; sourceTree = "<group>"; };
		CA0A45DC2293A612006E3C1E /* SkinListViewController.swift */ = {isa = PBXFileReference; lastKnownFileType = sourcecode.swift; path = SkinListViewController.swift; sourceTree = "<group>"; };
		CA0A45DD2293A612006E3C1E /* SkinListViewController.xib */ = {isa = PBXFileReference; lastKnownFileType = file.xib; path = SkinListViewController.xib; sourceTree = "<group>"; };
		CA0A45E12293A68C006E3C1E /* SettingViewController.swift */ = {isa = PBXFileReference; lastKnownFileType = sourcecode.swift; path = SettingViewController.swift; sourceTree = "<group>"; };
		CA0A45E22293A68C006E3C1E /* SettingViewController.xib */ = {isa = PBXFileReference; lastKnownFileType = file.xib; path = SettingViewController.xib; sourceTree = "<group>"; };
		CA189387229408B500D1F721 /* MenuCell.swift */ = {isa = PBXFileReference; lastKnownFileType = sourcecode.swift; path = MenuCell.swift; sourceTree = "<group>"; };
		CA189388229408B500D1F721 /* MenuCell.xib */ = {isa = PBXFileReference; lastKnownFileType = file.xib; path = MenuCell.xib; sourceTree = "<group>"; };
		D6FCFAD560C7862B5AB2D965 /* Pods-NghiaDigitalClock.debug.xcconfig */ = {isa = PBXFileReference; includeInIndex = 1; lastKnownFileType = text.xcconfig; name = "Pods-NghiaDigitalClock.debug.xcconfig"; path = "Target Support Files/Pods-NghiaDigitalClock/Pods-NghiaDigitalClock.debug.xcconfig"; sourceTree = "<group>"; };
/* End PBXFileReference section */

/* Begin PBXFrameworksBuildPhase section */
		594646D1228A6258000DB734 /* Frameworks */ = {
			isa = PBXFrameworksBuildPhase;
			buildActionMask = 2147483647;
			files = (
				48DAB2EA368FD2CC0A38A288 /* Pods_NghiaDigitalClock.framework in Frameworks */,
			);
			runOnlyForDeploymentPostprocessing = 0;
		};
/* End PBXFrameworksBuildPhase section */

/* Begin PBXGroup section */
		2552590291537DCD6402771F /* Frameworks */ = {
			isa = PBXGroup;
			children = (
				C0A3D245C5EDF87293A014E4 /* Pods_NghiaDigitalClock.framework */,
			);
			name = Frameworks;
			sourceTree = "<group>";
		};
		594646CB228A6258000DB734 = {
			isa = PBXGroup;
			children = (
				CA05A75D2295583E00DBFE3B /* Assets.xcassets */,
				594646D6228A6258000DB734 /* NghiaDigitalClock */,
				594646D5228A6258000DB734 /* Products */,
				C84C3255685C74227CD1EEAE /* Pods */,
				2552590291537DCD6402771F /* Frameworks */,
			);
			sourceTree = "<group>";
		};
		594646D5228A6258000DB734 /* Products */ = {
			isa = PBXGroup;
			children = (
				594646D4228A6258000DB734 /* NghiaDigitalClock.app */,
			);
			name = Products;
			sourceTree = "<group>";
		};
		594646D6228A6258000DB734 /* NghiaDigitalClock */ = {
			isa = PBXGroup;
			children = (
				CA066A7D2296AEEC00BE5D61 /* Util */,
				CA066A75229688B000BE5D61 /* Model */,
				594646F1228A68D4000DB734 /* Assets */,
				CA0A45DA2293A4D7006E3C1E /* AppDelegate */,
				594646E9228A62F2000DB734 /* ViewControllers */,
				594646E0228A625A000DB734 /* LaunchScreen.storyboard */,
				594646E3228A625A000DB734 /* Info.plist */,
			);
			path = NghiaDigitalClock;
			sourceTree = "<group>";
		};
		594646E9228A62F2000DB734 /* ViewControllers */ = {
			isa = PBXGroup;
			children = (
				594646EB228A6308000DB734 /* Base */,
				594646EA228A62FE000DB734 /* UI */,
			);
			path = ViewControllers;
			sourceTree = "<group>";
		};
		594646EA228A62FE000DB734 /* UI */ = {
			isa = PBXGroup;
			children = (
				CA0A45E02293A656006E3C1E /* Setting */,
				CA0A45DB2293A5F5006E3C1E /* SkinList */,
				594646EC228A631A000DB734 /* Home */,
			);
			path = UI;
			sourceTree = "<group>";
		};
		594646EB228A6308000DB734 /* Base */ = {
			isa = PBXGroup;
			children = (
			);
			path = Base;
			sourceTree = "<group>";
		};
		594646EC228A631A000DB734 /* Home */ = {
			isa = PBXGroup;
			children = (
				594646ED228A6336000DB734 /* HomeViewController.swift */,
				594646EE228A6336000DB734 /* HomeViewController.xib */,
			);
			path = Home;
			sourceTree = "<group>";
		};
		594646F1228A68D4000DB734 /* Assets */ = {
			isa = PBXGroup;
			children = (
				594646F2228A68DD000DB734 /* Fonts */,
			);
			path = Assets;
			sourceTree = "<group>";
		};
		594646F2228A68DD000DB734 /* Fonts */ = {
			isa = PBXGroup;
			children = (
				594646F4228A68F4000DB734 /* digital-7 (italic).ttf */,
				594646F3228A68F4000DB734 /* digital-7 (mono italic).ttf */,
				594646F5228A68F4000DB734 /* digital-7 (mono).ttf */,
				594646F6228A68F4000DB734 /* digital-7.ttf */,
			);
			path = Fonts;
			sourceTree = "<group>";
		};
		C84C3255685C74227CD1EEAE /* Pods */ = {
			isa = PBXGroup;
			children = (
				D6FCFAD560C7862B5AB2D965 /* Pods-NghiaDigitalClock.debug.xcconfig */,
				4C55D27739761DFE79D3D1E7 /* Pods-NghiaDigitalClock.release.xcconfig */,
			);
			path = Pods;
			sourceTree = "<group>";
		};
		CA066A6E22964AE100BE5D61 /* HeaderCell */ = {
			isa = PBXGroup;
			children = (
				CA066A6D22964AE100BE5D61 /* HeaderCell.swift */,
				CA066A6C22964AE100BE5D61 /* HeaderCell.xib */,
			);
			path = HeaderCell;
			sourceTree = "<group>";
		};
		CA066A75229688B000BE5D61 /* Model */ = {
			isa = PBXGroup;
			children = (
				CA066A762296894700BE5D61 /* ClockType.swift */,
			);
			path = Model;
			sourceTree = "<group>";
		};
		CA066A782296942800BE5D61 /* SkinCell */ = {
			isa = PBXGroup;
			children = (
				CA066A79229694BD00BE5D61 /* SkinCell.swift */,
				CA066A7A229694BD00BE5D61 /* SkinCell.xib */,
			);
			path = SkinCell;
			sourceTree = "<group>";
		};
		CA066A7D2296AEEC00BE5D61 /* Util */ = {
			isa = PBXGroup;
			children = (
				CA066A7E2296B01400BE5D61 /* ExtUIColor.swift */,
			);
			path = Util;
			sourceTree = "<group>";
		};
		CA0A45DA2293A4D7006E3C1E /* AppDelegate */ = {
			isa = PBXGroup;
			children = (
				594646D7228A6258000DB734 /* AppDelegate.swift */,
			);
			path = AppDelegate;
			sourceTree = "<group>";
		};
		CA0A45DB2293A5F5006E3C1E /* SkinList */ = {
			isa = PBXGroup;
			children = (
				CA066A782296942800BE5D61 /* SkinCell */,
				CA0A45DC2293A612006E3C1E /* SkinListViewController.swift */,
				CA0A45DD2293A612006E3C1E /* SkinListViewController.xib */,
			);
			path = SkinList;
			sourceTree = "<group>";
		};
		CA0A45E02293A656006E3C1E /* Setting */ = {
			isa = PBXGroup;
			children = (
				CA066A6E22964AE100BE5D61 /* HeaderCell */,
				CA1893762293E72A00D1F721 /* MenuCell */,
				CA0A45E12293A68C006E3C1E /* SettingViewController.swift */,
				CA0A45E22293A68C006E3C1E /* SettingViewController.xib */,
			);
			path = Setting;
			sourceTree = "<group>";
		};
		CA1893762293E72A00D1F721 /* MenuCell */ = {
			isa = PBXGroup;
			children = (
				CA189387229408B500D1F721 /* MenuCell.swift */,
				CA189388229408B500D1F721 /* MenuCell.xib */,
			);
			path = MenuCell;
			sourceTree = "<group>";
		};
/* End PBXGroup section */

/* Begin PBXNativeTarget section */
		594646D3228A6258000DB734 /* NghiaDigitalClock */ = {
			isa = PBXNativeTarget;
			buildConfigurationList = 594646E6228A625A000DB734 /* Build configuration list for PBXNativeTarget "NghiaDigitalClock" */;
			buildPhases = (
				3EBE78C09699276286DDC8A2 /* [CP] Check Pods Manifest.lock */,
				594646D0228A6258000DB734 /* Sources */,
				594646D1228A6258000DB734 /* Frameworks */,
				594646D2228A6258000DB734 /* Resources */,
				CA066A73229658CA00BE5D61 /* SwiftLint Run Script */,
			);
			buildRules = (
			);
			dependencies = (
			);
			name = NghiaDigitalClock;
			productName = NghiaDigitalClock;
			productReference = 594646D4228A6258000DB734 /* NghiaDigitalClock.app */;
			productType = "com.apple.product-type.application";
		};
/* End PBXNativeTarget section */

/* Begin PBXProject section */
		594646CC228A6258000DB734 /* Project object */ = {
			isa = PBXProject;
			attributes = {
				LastSwiftUpdateCheck = 0940;
				LastUpgradeCheck = 0940;
				ORGANIZATIONNAME = BTS;
				TargetAttributes = {
					594646D3228A6258000DB734 = {
						CreatedOnToolsVersion = 9.4.1;
						LastSwiftMigration = 1020;
					};
				};
			};
			buildConfigurationList = 594646CF228A6258000DB734 /* Build configuration list for PBXProject "NghiaDigitalClock" */;
			compatibilityVersion = "Xcode 9.3";
			developmentRegion = en;
			hasScannedForEncodings = 0;
			knownRegions = (
				en,
				Base,
			);
			mainGroup = 594646CB228A6258000DB734;
			productRefGroup = 594646D5228A6258000DB734 /* Products */;
			projectDirPath = "";
			projectRoot = "";
			targets = (
				594646D3228A6258000DB734 /* NghiaDigitalClock */,
			);
		};
/* End PBXProject section */

/* Begin PBXResourcesBuildPhase section */
		594646D2228A6258000DB734 /* Resources */ = {
			isa = PBXResourcesBuildPhase;
			buildActionMask = 2147483647;
			files = (
				594646F9228A68F4000DB734 /* digital-7 (mono).ttf in Resources */,
				CA0A45E42293A68C006E3C1E /* SettingViewController.xib in Resources */,
				CA066A7C229694BD00BE5D61 /* SkinCell.xib in Resources */,
				CA05A75E2295583E00DBFE3B /* Assets.xcassets in Resources */,
				CA18938A229408B500D1F721 /* MenuCell.xib in Resources */,
				594646E2228A625A000DB734 /* LaunchScreen.storyboard in Resources */,
				594646F8228A68F4000DB734 /* digital-7 (italic).ttf in Resources */,
				CA0A45DF2293A612006E3C1E /* SkinListViewController.xib in Resources */,
				594646FA228A68F4000DB734 /* digital-7.ttf in Resources */,
				594646F7228A68F4000DB734 /* digital-7 (mono italic).ttf in Resources */,
				594646F0228A6336000DB734 /* HomeViewController.xib in Resources */,
				CA066A6F22964AE100BE5D61 /* HeaderCell.xib in Resources */,
			);
			runOnlyForDeploymentPostprocessing = 0;
		};
/* End PBXResourcesBuildPhase section */

/* Begin PBXShellScriptBuildPhase section */
		3EBE78C09699276286DDC8A2 /* [CP] Check Pods Manifest.lock */ = {
			isa = PBXShellScriptBuildPhase;
			buildActionMask = 2147483647;
			files = (
			);
			inputFileListPaths = (
			);
			inputPaths = (
				"${PODS_PODFILE_DIR_PATH}/Podfile.lock",
				"${PODS_ROOT}/Manifest.lock",
			);
			name = "[CP] Check Pods Manifest.lock";
			outputFileListPaths = (
			);
			outputPaths = (
				"$(DERIVED_FILE_DIR)/Pods-NghiaDigitalClock-checkManifestLockResult.txt",
			);
			runOnlyForDeploymentPostprocessing = 0;
			shellPath = /bin/sh;
			shellScript = "diff \"${PODS_PODFILE_DIR_PATH}/Podfile.lock\" \"${PODS_ROOT}/Manifest.lock\" > /dev/null\nif [ $? != 0 ] ; then\n    # print error to STDERR\n    echo \"error: The sandbox is not in sync with the Podfile.lock. Run 'pod install' or update your CocoaPods installation.\" >&2\n    exit 1\nfi\n# This output is used by Xcode 'outputs' to avoid re-running this script phase.\necho \"SUCCESS\" > \"${SCRIPT_OUTPUT_FILE_0}\"\n";
			showEnvVarsInLog = 0;
		};
		CA066A73229658CA00BE5D61 /* SwiftLint Run Script */ = {
			isa = PBXShellScriptBuildPhase;
			buildActionMask = 2147483647;
			files = (
			);
			inputFileListPaths = (
			);
			inputPaths = (
			);
			name = "SwiftLint Run Script";
			outputFileListPaths = (
			);
			outputPaths = (
			);
			runOnlyForDeploymentPostprocessing = 0;
			shellPath = /bin/sh;
			shellScript = "\"${PODS_ROOT}/SwiftLint/swiftlint\"\n";
		};
/* End PBXShellScriptBuildPhase section */

/* Begin PBXSourcesBuildPhase section */
		594646D0228A6258000DB734 /* Sources */ = {
			isa = PBXSourcesBuildPhase;
			buildActionMask = 2147483647;
			files = (
				594646D8228A6258000DB734 /* AppDelegate.swift in Sources */,
				CA189389229408B500D1F721 /* MenuCell.swift in Sources */,
				CA066A7F2296B01400BE5D61 /* ExtUIColor.swift in Sources */,
				CA0A45DE2293A612006E3C1E /* SkinListViewController.swift in Sources */,
				CA066A772296894700BE5D61 /* ClockType.swift in Sources */,
				594646EF228A6336000DB734 /* HomeViewController.swift in Sources */,
				CA0A45E32293A68C006E3C1E /* SettingViewController.swift in Sources */,
				CA066A7B229694BD00BE5D61 /* SkinCell.swift in Sources */,
				CA066A7022964AE100BE5D61 /* HeaderCell.swift in Sources */,
			);
			runOnlyForDeploymentPostprocessing = 0;
		};
/* End PBXSourcesBuildPhase section */

/* Begin PBXVariantGroup section */
		594646E0228A625A000DB734 /* LaunchScreen.storyboard */ = {
			isa = PBXVariantGroup;
			children = (
				594646E1228A625A000DB734 /* Base */,
			);
			name = LaunchScreen.storyboard;
			sourceTree = "<group>";
		};
/* End PBXVariantGroup section */

/* Begin XCBuildConfiguration section */
		594646E4228A625A000DB734 /* Debug */ = {
			isa = XCBuildConfiguration;
			buildSettings = {
				ALWAYS_SEARCH_USER_PATHS = NO;
				CLANG_ANALYZER_NONNULL = YES;
				CLANG_ANALYZER_NUMBER_OBJECT_CONVERSION = YES_AGGRESSIVE;
				CLANG_CXX_LANGUAGE_STANDARD = "gnu++14";
				CLANG_CXX_LIBRARY = "libc++";
				CLANG_ENABLE_MODULES = YES;
				CLANG_ENABLE_OBJC_ARC = YES;
				CLANG_ENABLE_OBJC_WEAK = YES;
				CLANG_WARN_BLOCK_CAPTURE_AUTORELEASING = YES;
				CLANG_WARN_BOOL_CONVERSION = YES;
				CLANG_WARN_COMMA = YES;
				CLANG_WARN_CONSTANT_CONVERSION = YES;
				CLANG_WARN_DEPRECATED_OBJC_IMPLEMENTATIONS = YES;
				CLANG_WARN_DIRECT_OBJC_ISA_USAGE = YES_ERROR;
				CLANG_WARN_DOCUMENTATION_COMMENTS = YES;
				CLANG_WARN_EMPTY_BODY = YES;
				CLANG_WARN_ENUM_CONVERSION = YES;
				CLANG_WARN_INFINITE_RECURSION = YES;
				CLANG_WARN_INT_CONVERSION = YES;
				CLANG_WARN_NON_LITERAL_NULL_CONVERSION = YES;
				CLANG_WARN_OBJC_IMPLICIT_RETAIN_SELF = YES;
				CLANG_WARN_OBJC_LITERAL_CONVERSION = YES;
				CLANG_WARN_OBJC_ROOT_CLASS = YES_ERROR;
				CLANG_WARN_RANGE_LOOP_ANALYSIS = YES;
				CLANG_WARN_STRICT_PROTOTYPES = YES;
				CLANG_WARN_SUSPICIOUS_MOVE = YES;
				CLANG_WARN_UNGUARDED_AVAILABILITY = YES_AGGRESSIVE;
				CLANG_WARN_UNREACHABLE_CODE = YES;
				CLANG_WARN__DUPLICATE_METHOD_MATCH = YES;
				CODE_SIGN_IDENTITY = "iPhone Developer";
				COPY_PHASE_STRIP = NO;
				DEBUG_INFORMATION_FORMAT = dwarf;
				ENABLE_STRICT_OBJC_MSGSEND = YES;
				ENABLE_TESTABILITY = YES;
				GCC_C_LANGUAGE_STANDARD = gnu11;
				GCC_DYNAMIC_NO_PIC = NO;
				GCC_NO_COMMON_BLOCKS = YES;
				GCC_OPTIMIZATION_LEVEL = 0;
				GCC_PREPROCESSOR_DEFINITIONS = (
					"DEBUG=1",
					"$(inherited)",
				);
				GCC_WARN_64_TO_32_BIT_CONVERSION = YES;
				GCC_WARN_ABOUT_RETURN_TYPE = YES_ERROR;
				GCC_WARN_UNDECLARED_SELECTOR = YES;
				GCC_WARN_UNINITIALIZED_AUTOS = YES_AGGRESSIVE;
				GCC_WARN_UNUSED_FUNCTION = YES;
				GCC_WARN_UNUSED_VARIABLE = YES;
				IPHONEOS_DEPLOYMENT_TARGET = 11.4;
				MTL_ENABLE_DEBUG_INFO = YES;
				ONLY_ACTIVE_ARCH = YES;
				SDKROOT = iphoneos;
				SWIFT_ACTIVE_COMPILATION_CONDITIONS = DEBUG;
				SWIFT_OPTIMIZATION_LEVEL = "-Onone";
			};
			name = Debug;
		};
		594646E5228A625A000DB734 /* Release */ = {
			isa = XCBuildConfiguration;
			buildSettings = {
				ALWAYS_SEARCH_USER_PATHS = NO;
				CLANG_ANALYZER_NONNULL = YES;
				CLANG_ANALYZER_NUMBER_OBJECT_CONVERSION = YES_AGGRESSIVE;
				CLANG_CXX_LANGUAGE_STANDARD = "gnu++14";
				CLANG_CXX_LIBRARY = "libc++";
				CLANG_ENABLE_MODULES = YES;
				CLANG_ENABLE_OBJC_ARC = YES;
				CLANG_ENABLE_OBJC_WEAK = YES;
				CLANG_WARN_BLOCK_CAPTURE_AUTORELEASING = YES;
				CLANG_WARN_BOOL_CONVERSION = YES;
				CLANG_WARN_COMMA = YES;
				CLANG_WARN_CONSTANT_CONVERSION = YES;
				CLANG_WARN_DEPRECATED_OBJC_IMPLEMENTATIONS = YES;
				CLANG_WARN_DIRECT_OBJC_ISA_USAGE = YES_ERROR;
				CLANG_WARN_DOCUMENTATION_COMMENTS = YES;
				CLANG_WARN_EMPTY_BODY = YES;
				CLANG_WARN_ENUM_CONVERSION = YES;
				CLANG_WARN_INFINITE_RECURSION = YES;
				CLANG_WARN_INT_CONVERSION = YES;
				CLANG_WARN_NON_LITERAL_NULL_CONVERSION = YES;
				CLANG_WARN_OBJC_IMPLICIT_RETAIN_SELF = YES;
				CLANG_WARN_OBJC_LITERAL_CONVERSION = YES;
				CLANG_WARN_OBJC_ROOT_CLASS = YES_ERROR;
				CLANG_WARN_RANGE_LOOP_ANALYSIS = YES;
				CLANG_WARN_STRICT_PROTOTYPES = YES;
				CLANG_WARN_SUSPICIOUS_MOVE = YES;
				CLANG_WARN_UNGUARDED_AVAILABILITY = YES_AGGRESSIVE;
				CLANG_WARN_UNREACHABLE_CODE = YES;
				CLANG_WARN__DUPLICATE_METHOD_MATCH = YES;
				CODE_SIGN_IDENTITY = "iPhone Developer";
				COPY_PHASE_STRIP = NO;
				DEBUG_INFORMATION_FORMAT = "dwarf-with-dsym";
				ENABLE_NS_ASSERTIONS = NO;
				ENABLE_STRICT_OBJC_MSGSEND = YES;
				GCC_C_LANGUAGE_STANDARD = gnu11;
				GCC_NO_COMMON_BLOCKS = YES;
				GCC_WARN_64_TO_32_BIT_CONVERSION = YES;
				GCC_WARN_ABOUT_RETURN_TYPE = YES_ERROR;
				GCC_WARN_UNDECLARED_SELECTOR = YES;
				GCC_WARN_UNINITIALIZED_AUTOS = YES_AGGRESSIVE;
				GCC_WARN_UNUSED_FUNCTION = YES;
				GCC_WARN_UNUSED_VARIABLE = YES;
				IPHONEOS_DEPLOYMENT_TARGET = 11.4;
				MTL_ENABLE_DEBUG_INFO = NO;
				SDKROOT = iphoneos;
				SWIFT_COMPILATION_MODE = wholemodule;
				SWIFT_OPTIMIZATION_LEVEL = "-O";
				VALIDATE_PRODUCT = YES;
			};
			name = Release;
		};
		594646E7228A625A000DB734 /* Debug */ = {
			isa = XCBuildConfiguration;
			baseConfigurationReference = D6FCFAD560C7862B5AB2D965 /* Pods-NghiaDigitalClock.debug.xcconfig */;
			buildSettings = {
				ASSETCATALOG_COMPILER_APPICON_NAME = AppIcon;
				CODE_SIGN_STYLE = Automatic;
				INFOPLIST_FILE = NghiaDigitalClock/Info.plist;
				LD_RUNPATH_SEARCH_PATHS = (
					"$(inherited)",
					"@executable_path/Frameworks",
				);
				PRODUCT_BUNDLE_IDENTIFIER = test.NghiaDigitalClock;
				PRODUCT_NAME = "$(TARGET_NAME)";
				SWIFT_VERSION = 4.0;
				TARGETED_DEVICE_FAMILY = "1,2";
			};
			name = Debug;
		};
		594646E8228A625A000DB734 /* Release */ = {
			isa = XCBuildConfiguration;
			baseConfigurationReference = 4C55D27739761DFE79D3D1E7 /* Pods-NghiaDigitalClock.release.xcconfig */;
			buildSettings = {
				ASSETCATALOG_COMPILER_APPICON_NAME = AppIcon;
				CODE_SIGN_STYLE = Automatic;
				INFOPLIST_FILE = NghiaDigitalClock/Info.plist;
				LD_RUNPATH_SEARCH_PATHS = (
					"$(inherited)",
					"@executable_path/Frameworks",
				);
				PRODUCT_BUNDLE_IDENTIFIER = test.NghiaDigitalClock;
				PRODUCT_NAME = "$(TARGET_NAME)";
				SWIFT_VERSION = 4.0;
				TARGETED_DEVICE_FAMILY = "1,2";
			};
			name = Release;
		};
/* End XCBuildConfiguration section */

/* Begin XCConfigurationList section */
		594646CF228A6258000DB734 /* Build configuration list for PBXProject "NghiaDigitalClock" */ = {
			isa = XCConfigurationList;
			buildConfigurations = (
				594646E4228A625A000DB734 /* Debug */,
				594646E5228A625A000DB734 /* Release */,
			);
			defaultConfigurationIsVisible = 0;
			defaultConfigurationName = Release;
		};
		594646E6228A625A000DB734 /* Build configuration list for PBXNativeTarget "NghiaDigitalClock" */ = {
			isa = XCConfigurationList;
			buildConfigurations = (
				594646E7228A625A000DB734 /* Debug */,
				594646E8228A625A000DB734 /* Release */,
			);
			defaultConfigurationIsVisible = 0;
			defaultConfigurationName = Release;
		};
/* End XCConfigurationList section */
	};
	rootObject = 594646CC228A6258000DB734 /* Project object */;
}
